
Microsoft Visual Studio Solution File, Format Version 12.00
# Visual Studio 15
VisualStudioVersion = 15.0.26730.16
MinimumVisualStudioVersion = 10.0.40219.1
Project("{FAE04EC0-301F-11D3-BF4B-00C04F79EFBC}") = "Livro_C-Sharp - Capitulo 7 (exercicios Parte 3)", "Livro_C-Sharp - Capitulo 7 (exercicios Parte 3)\Livro_C-Sharp - Capitulo 7 (exercicios Parte 3).csproj", "{DEA5BC27-EAA4-4B12-BF77-8F4E6A1396CC}"
EndProject
Global
	GlobalSection(SolutionConfigurationPlatforms) = preSolution
		Debug|Any CPU = Debug|Any CPU
		Release|Any CPU = Release|Any CPU
	EndGlobalSection
	GlobalSection(ProjectConfigurationPlatforms) = postSolution
		{DEA5BC27-EAA4-4B12-BF77-8F4E6A1396CC}.Debug|Any CPU.ActiveCfg = Debug|Any CPU
		{DEA5BC27-EAA4-4B12-BF77-8F4E6A1396CC}.Debug|Any CPU.Build.0 = Debug|Any CPU
		{DEA5BC27-EAA4-4B12-BF77-8F4E6A1396CC}.Release|Any CPU.ActiveCfg = Release|Any CPU
		{DEA5BC27-EAA4-4B12-BF77-8F4E6A1396CC}.Release|Any CPU.Build.0 = Release|Any CPU
	EndGlobalSection
	GlobalSection(SolutionProperties) = preSolution
		HideSolutionNode = FALSE
	EndGlobalSection
	GlobalSection(ExtensibilityGlobals) = postSolution
		SolutionGuid = {677048E0-20D1-4250-956A-755B9C5164F1}
	EndGlobalSection
EndGlobal
